
Microsoft Visual Studio Solution File, Format Version 12.00
# Visual Studio Version 17
VisualStudioVersion = 17.4.33205.214
MinimumVisualStudioVersion = 10.0.40219.1
Project("{FAE04EC0-301F-11D3-BF4B-00C04F79EFBC}") = "Day13GenericMaxNumber", "Day13GenericMaxNumber\Day13GenericMaxNumber.csproj", "{1D7BB34A-05D4-4DB8-BDA4-8AF542E33083}"
EndProject
Global
	GlobalSection(SolutionConfigurationPlatforms) = preSolution
		Debug|Any CPU = Debug|Any CPU
		Release|Any CPU = Release|Any CPU
	EndGlobalSection
	GlobalSection(ProjectConfigurationPlatforms) = postSolution
		{1D7BB34A-05D4-4DB8-BDA4-8AF542E33083}.Debug|Any CPU.ActiveCfg = Debug|Any CPU
		{1D7BB34A-05D4-4DB8-BDA4-8AF542E33083}.Debug|Any CPU.Build.0 = Debug|Any CPU
		{1D7BB34A-05D4-4DB8-BDA4-8AF542E33083}.Release|Any CPU.ActiveCfg = Release|Any CPU
		{1D7BB34A-05D4-4DB8-BDA4-8AF542E33083}.Release|Any CPU.Build.0 = Release|Any CPU
	EndGlobalSection
	GlobalSection(SolutionProperties) = preSolution
		HideSolutionNode = FALSE
	EndGlobalSection
	GlobalSection(ExtensibilityGlobals) = postSolution
		SolutionGuid = {478562F1-5A44-45D2-8B8A-8BE85CD606FB}
	EndGlobalSection
EndGlobal
